
Microsoft Visual Studio Solution File, Format Version 12.00
# Visual Studio Version 16
VisualStudioVersion = 16.0.31112.23
MinimumVisualStudioVersion = 10.0.40219.1
Project("{FAE04EC0-301F-11D3-BF4B-00C04F79EFBC}") = "FinancialToolsforLongevity.DAL", "FinancialToolsforLongevity.DAL\FinancialToolsforLongevity.DAL.csproj", "{366938FB-A971-4C0C-963A-3FD1DAF67558}"
EndProject
Project("{FAE04EC0-301F-11D3-BF4B-00C04F79EFBC}") = "FinancialToolsforongevity.ServiceLayer", "FinancialToolsforongevity.ServiceLayer\FinancialToolsforongevity.ServiceLayer.csproj", "{15EBE176-4A1F-4644-A1B5-A01EEC06AD09}"
EndProject
Global
	GlobalSection(SolutionConfigurationPlatforms) = preSolution
		Debug|Any CPU = Debug|Any CPU
		Release|Any CPU = Release|Any CPU
	EndGlobalSection
	GlobalSection(ProjectConfigurationPlatforms) = postSolution
		{366938FB-A971-4C0C-963A-3FD1DAF67558}.Debug|Any CPU.ActiveCfg = Debug|Any CPU
		{366938FB-A971-4C0C-963A-3FD1DAF67558}.Debug|Any CPU.Build.0 = Debug|Any CPU
		{366938FB-A971-4C0C-963A-3FD1DAF67558}.Release|Any CPU.ActiveCfg = Release|Any CPU
		{366938FB-A971-4C0C-963A-3FD1DAF67558}.Release|Any CPU.Build.0 = Release|Any CPU
		{15EBE176-4A1F-4644-A1B5-A01EEC06AD09}.Debug|Any CPU.ActiveCfg = Debug|Any CPU
		{15EBE176-4A1F-4644-A1B5-A01EEC06AD09}.Debug|Any CPU.Build.0 = Debug|Any CPU
		{15EBE176-4A1F-4644-A1B5-A01EEC06AD09}.Release|Any CPU.ActiveCfg = Release|Any CPU
		{15EBE176-4A1F-4644-A1B5-A01EEC06AD09}.Release|Any CPU.Build.0 = Release|Any CPU
	EndGlobalSection
	GlobalSection(SolutionProperties) = preSolution
		HideSolutionNode = FALSE
	EndGlobalSection
	GlobalSection(ExtensibilityGlobals) = postSolution
		SolutionGuid = {F0A4D219-C177-45A9-8E4A-74A04257D1E6}
	EndGlobalSection
EndGlobal
